Microsoft Visual Studio Solution File, Format Version 11.00
# Visual Studio 2008

Project("{12852F03-BF9A-6B03-EBB5-8AF62558B8B7}") = "MultiTactics", "Assembly-CSharp.csproj", "{7BCB781F-3C9D-FDE9-9E34-B288210EFA46}"
EndProject
Global
	GlobalSection(SolutionConfigurationPlatforms) = preSolution
		Debug|Any CPU = Debug|Any CPU
		Release|Any CPU = Release|Any CPU
	EndGlobalSection
	GlobalSection(ProjectConfigurationPlatforms) = postSolution
		{7BCB781F-3C9D-FDE9-9E34-B288210EFA46}.Debug|Any CPU.ActiveCfg = Debug|Any CPU
		{7BCB781F-3C9D-FDE9-9E34-B288210EFA46}.Debug|Any CPU.Build.0 = Debug|Any CPU
		{7BCB781F-3C9D-FDE9-9E34-B288210EFA46}.Release|Any CPU.ActiveCfg = Release|Any CPU
		{7BCB781F-3C9D-FDE9-9E34-B288210EFA46}.Release|Any CPU.Build.0 = Release|Any CPU
	EndGlobalSection
	GlobalSection(SolutionProperties) = preSolution
		HideSolutionNode = FALSE
	EndGlobalSection
	GlobalSection(MonoDevelopProperties) = preSolution
		StartupItem = Assembly-CSharp.csproj
	EndGlobalSection
EndGlobal
